
Microsoft Visual Studio Solution File, Format Version 12.00
# Visual Studio Version 16
VisualStudioVersion = 16.0.29230.47
MinimumVisualStudioVersion = 10.0.40219.1
Project("{2150E333-8FDC-42A3-9474-1A3956D46DE8}") = "Solution Items", "Solution Items", "{BDBD3353-88EA-4D8A-A715-55A479435D6E}"
	ProjectSection(SolutionItems) = preProject
		.gitignore = .gitignore
		License.htm = License.htm
		license.md = license.md
		README.md = README.md
	EndProjectSection
EndProject
Project("{2150E333-8FDC-42A3-9474-1A3956D46DE8}") = "src", "src", "{872B4017-5929-43F0-846A-E899F4175588}"
	ProjectSection(SolutionItems) = preProject
		src\Directory.Build.props = src\Directory.Build.props
		src\Directory.Build.targets = src\Directory.Build.targets
	EndProjectSection
EndProject
Project("{2150E333-8FDC-42A3-9474-1A3956D46DE8}") = "Core", "Core", "{C147911F-3594-46A3-9E5E-947414EB59B9}"
	ProjectSection(SolutionItems) = preProject
		src\Core\Directory.Build.props = src\Core\Directory.Build.props
		src\Core\Directory.Build.targets = src\Core\Directory.Build.targets
		src\Core\IronSmalltalk.ruleset = src\Core\IronSmalltalk.ruleset
	EndProjectSection
EndProject
Project("{2150E333-8FDC-42A3-9474-1A3956D46DE8}") = "Test", "Test", "{32A713CB-6A7A-49DF-A740-BF911DD2CD6B}"
	ProjectSection(SolutionItems) = preProject
		src\Test\Directory.Build.props = src\Test\Directory.Build.props
		src\Test\Directory.Build.targets = src\Test\Directory.Build.targets
	EndProjectSection
EndProject
Project("{2150E333-8FDC-42A3-9474-1A3956D46DE8}") = "Tools", "Tools", "{743F09A2-B55C-4E2A-8708-C989DFAC2C6E}"
	ProjectSection(SolutionItems) = preProject
		src\Tools\Directory.Build.props = src\Tools\Directory.Build.props
		src\Tools\Directory.Build.targets = src\Tools\Directory.Build.targets
	EndProjectSection
EndProject
Project("{2150E333-8FDC-42A3-9474-1A3956D46DE8}") = "docs", "docs", "{E5652A67-0D75-4910-9344-2EC16993AA7C}"
	ProjectSection(SolutionItems) = preProject
		docs\Build.md = docs\Build.md
		docs\Documentation_Components.pdf = docs\Documentation_Components.pdf
		docs\Internal Notes.md = docs\Internal Notes.md
		docs\ReadMe.md = docs\ReadMe.md
	EndProjectSection
EndProject
Project("{9A19103F-16F7-4668-BE54-9A1E7A4F7556}") = "IronSmalltalk.Common", "src\Core\IronSmalltalk.Common\IronSmalltalk.Common.csproj", "{DFBF6A64-E0EA-4522-98D5-80782FE61E9C}"
EndProject
Project("{9A19103F-16F7-4668-BE54-9A1E7A4F7556}") = "IronSmalltalk.Compiler", "src\Core\IronSmalltalk.Compiler\IronSmalltalk.Compiler.csproj", "{A0150A96-59CC-47E9-AC42-A4B38BECB117}"
EndProject
Project("{9A19103F-16F7-4668-BE54-9A1E7A4F7556}") = "IronSmalltalk.Runtime", "src\Core\IronSmalltalk.Runtime\IronSmalltalk.Runtime.csproj", "{7F170287-4372-49BA-8F49-729D68B6CBEB}"
EndProject
Project("{9A19103F-16F7-4668-BE54-9A1E7A4F7556}") = "IronSmalltalk.CommandLineCompiler", "src\Core\IronSmalltalk.CommandLineCompiler\IronSmalltalk.CommandLineCompiler.csproj", "{C1E9D947-84AE-4008-8538-C0B8355555CF}"
EndProject
Project("{9A19103F-16F7-4668-BE54-9A1E7A4F7556}") = "IronSmalltalk.ConsoleHost", "src\Core\IronSmalltalk.ConsoleHost\IronSmalltalk.ConsoleHost.csproj", "{B4E983DD-4363-4308-ACC0-364BC9CD7AA7}"
EndProject
Project("{9A19103F-16F7-4668-BE54-9A1E7A4F7556}") = "IronSmalltalk.DefinitionInstaller", "src\Core\IronSmalltalk.DefinitionInstaller\IronSmalltalk.DefinitionInstaller.csproj", "{C2EAD669-428E-4292-9C74-D35547C4B5FC}"
EndProject
Project("{9A19103F-16F7-4668-BE54-9A1E7A4F7556}") = "IronSmalltalk.ExpressionCompiler", "src\Core\IronSmalltalk.ExpressionCompiler\IronSmalltalk.ExpressionCompiler.csproj", "{25C4384F-437D-4D41-A44C-5138B583F1BE}"
EndProject
Project("{9A19103F-16F7-4668-BE54-9A1E7A4F7556}") = "IronSmalltalk.Hosting", "src\Core\IronSmalltalk.Hosting\IronSmalltalk.Hosting.csproj", "{0BFF86BE-F4DA-476A-B3F6-4E08798CDFC3}"
EndProject
Project("{9A19103F-16F7-4668-BE54-9A1E7A4F7556}") = "IronSmalltalk.InterchangeInstaller", "src\Core\IronSmalltalk.InterchangeInstaller\IronSmalltalk.InterchangeInstaller.csproj", "{160AE2AD-C2F4-4E65-9586-49E12D761B0D}"
EndProject
Project("{9A19103F-16F7-4668-BE54-9A1E7A4F7556}") = "IronSmalltalk.NativeCompiler", "src\Core\IronSmalltalk.NativeCompiler\IronSmalltalk.NativeCompiler.csproj", "{EC20C2F4-92D2-4B5C-B2C1-37A2D284D7B3}"
EndProject
Project("{FAE04EC0-301F-11D3-BF4B-00C04F79EFBC}") = "IronSmalltalk.Tools.ClassLibraryBrowser", "src\Tools\IronSmalltalk.Tools.ClassLibraryBrowser\IronSmalltalk.Tools.ClassLibraryBrowser.csproj", "{AC7C79B9-EC75-4911-9013-F45AE3A44C0B}"
EndProject
Global
	GlobalSection(SolutionConfigurationPlatforms) = preSolution
		Debug|Any CPU = Debug|Any CPU
		Release|Any CPU = Release|Any CPU
	EndGlobalSection
	GlobalSection(ProjectConfigurationPlatforms) = postSolution
		{DFBF6A64-E0EA-4522-98D5-80782FE61E9C}.Debug|Any CPU.ActiveCfg = Debug|Any CPU
		{DFBF6A64-E0EA-4522-98D5-80782FE61E9C}.Debug|Any CPU.Build.0 = Debug|Any CPU
		{DFBF6A64-E0EA-4522-98D5-80782FE61E9C}.Release|Any CPU.ActiveCfg = Release|Any CPU
		{DFBF6A64-E0EA-4522-98D5-80782FE61E9C}.Release|Any CPU.Build.0 = Release|Any CPU
		{A0150A96-59CC-47E9-AC42-A4B38BECB117}.Debug|Any CPU.ActiveCfg = Debug|Any CPU
		{A0150A96-59CC-47E9-AC42-A4B38BECB117}.Debug|Any CPU.Build.0 = Debug|Any CPU
		{A0150A96-59CC-47E9-AC42-A4B38BECB117}.Release|Any CPU.ActiveCfg = Release|Any CPU
		{A0150A96-59CC-47E9-AC42-A4B38BECB117}.Release|Any CPU.Build.0 = Release|Any CPU
		{7F170287-4372-49BA-8F49-729D68B6CBEB}.Debug|Any CPU.ActiveCfg = Debug|Any CPU
		{7F170287-4372-49BA-8F49-729D68B6CBEB}.Debug|Any CPU.Build.0 = Debug|Any CPU
		{7F170287-4372-49BA-8F49-729D68B6CBEB}.Release|Any CPU.ActiveCfg = Release|Any CPU
		{7F170287-4372-49BA-8F49-729D68B6CBEB}.Release|Any CPU.Build.0 = Release|Any CPU
		{C1E9D947-84AE-4008-8538-C0B8355555CF}.Debug|Any CPU.ActiveCfg = Debug|Any CPU
		{C1E9D947-84AE-4008-8538-C0B8355555CF}.Debug|Any CPU.Build.0 = Debug|Any CPU
		{C1E9D947-84AE-4008-8538-C0B8355555CF}.Release|Any CPU.ActiveCfg = Release|Any CPU
		{C1E9D947-84AE-4008-8538-C0B8355555CF}.Release|Any CPU.Build.0 = Release|Any CPU
		{B4E983DD-4363-4308-ACC0-364BC9CD7AA7}.Debug|Any CPU.ActiveCfg = Debug|Any CPU
		{B4E983DD-4363-4308-ACC0-364BC9CD7AA7}.Debug|Any CPU.Build.0 = Debug|Any CPU
		{B4E983DD-4363-4308-ACC0-364BC9CD7AA7}.Release|Any CPU.ActiveCfg = Release|Any CPU
		{B4E983DD-4363-4308-ACC0-364BC9CD7AA7}.Release|Any CPU.Build.0 = Release|Any CPU
		{C2EAD669-428E-4292-9C74-D35547C4B5FC}.Debug|Any CPU.ActiveCfg = Debug|Any CPU
		{C2EAD669-428E-4292-9C74-D35547C4B5FC}.Debug|Any CPU.Build.0 = Debug|Any CPU
		{C2EAD669-428E-4292-9C74-D35547C4B5FC}.Release|Any CPU.ActiveCfg = Release|Any CPU
		{C2EAD669-428E-4292-9C74-D35547C4B5FC}.Release|Any CPU.Build.0 = Release|Any CPU
		{25C4384F-437D-4D41-A44C-5138B583F1BE}.Debug|Any CPU.ActiveCfg = Debug|Any CPU
		{25C4384F-437D-4D41-A44C-5138B583F1BE}.Debug|Any CPU.Build.0 = Debug|Any CPU
		{25C4384F-437D-4D41-A44C-5138B583F1BE}.Release|Any CPU.ActiveCfg = Release|Any CPU
		{25C4384F-437D-4D41-A44C-5138B583F1BE}.Release|Any CPU.Build.0 = Release|Any CPU
		{0BFF86BE-F4DA-476A-B3F6-4E08798CDFC3}.Debug|Any CPU.ActiveCfg = Debug|Any CPU
		{0BFF86BE-F4DA-476A-B3F6-4E08798CDFC3}.Debug|Any CPU.Build.0 = Debug|Any CPU
		{0BFF86BE-F4DA-476A-B3F6-4E08798CDFC3}.Release|Any CPU.ActiveCfg = Release|Any CPU
		{0BFF86BE-F4DA-476A-B3F6-4E08798CDFC3}.Release|Any CPU.Build.0 = Release|Any CPU
		{160AE2AD-C2F4-4E65-9586-49E12D761B0D}.Debug|Any CPU.ActiveCfg = Debug|Any CPU
		{160AE2AD-C2F4-4E65-9586-49E12D761B0D}.Debug|Any CPU.Build.0 = Debug|Any CPU
		{160AE2AD-C2F4-4E65-9586-49E12D761B0D}.Release|Any CPU.ActiveCfg = Release|Any CPU
		{160AE2AD-C2F4-4E65-9586-49E12D761B0D}.Release|Any CPU.Build.0 = Release|Any CPU
		{EC20C2F4-92D2-4B5C-B2C1-37A2D284D7B3}.Debug|Any CPU.ActiveCfg = Debug|Any CPU
		{EC20C2F4-92D2-4B5C-B2C1-37A2D284D7B3}.Debug|Any CPU.Build.0 = Debug|Any CPU
		{EC20C2F4-92D2-4B5C-B2C1-37A2D284D7B3}.Release|Any CPU.ActiveCfg = Release|Any CPU
		{EC20C2F4-92D2-4B5C-B2C1-37A2D284D7B3}.Release|Any CPU.Build.0 = Release|Any CPU
		{AC7C79B9-EC75-4911-9013-F45AE3A44C0B}.Debug|Any CPU.ActiveCfg = Debug|Any CPU
		{AC7C79B9-EC75-4911-9013-F45AE3A44C0B}.Debug|Any CPU.Build.0 = Debug|Any CPU
		{AC7C79B9-EC75-4911-9013-F45AE3A44C0B}.Release|Any CPU.ActiveCfg = Release|Any CPU
		{AC7C79B9-EC75-4911-9013-F45AE3A44C0B}.Release|Any CPU.Build.0 = Release|Any CPU
	EndGlobalSection
	GlobalSection(SolutionProperties) = preSolution
		HideSolutionNode = FALSE
	EndGlobalSection
	GlobalSection(NestedProjects) = preSolution
		{C147911F-3594-46A3-9E5E-947414EB59B9} = {872B4017-5929-43F0-846A-E899F4175588}
		{32A713CB-6A7A-49DF-A740-BF911DD2CD6B} = {872B4017-5929-43F0-846A-E899F4175588}
		{743F09A2-B55C-4E2A-8708-C989DFAC2C6E} = {872B4017-5929-43F0-846A-E899F4175588}
		{DFBF6A64-E0EA-4522-98D5-80782FE61E9C} = {C147911F-3594-46A3-9E5E-947414EB59B9}
		{A0150A96-59CC-47E9-AC42-A4B38BECB117} = {C147911F-3594-46A3-9E5E-947414EB59B9}
		{7F170287-4372-49BA-8F49-729D68B6CBEB} = {C147911F-3594-46A3-9E5E-947414EB59B9}
		{C1E9D947-84AE-4008-8538-C0B8355555CF} = {C147911F-3594-46A3-9E5E-947414EB59B9}
		{B4E983DD-4363-4308-ACC0-364BC9CD7AA7} = {C147911F-3594-46A3-9E5E-947414EB59B9}
		{C2EAD669-428E-4292-9C74-D35547C4B5FC} = {C147911F-3594-46A3-9E5E-947414EB59B9}
		{25C4384F-437D-4D41-A44C-5138B583F1BE} = {C147911F-3594-46A3-9E5E-947414EB59B9}
		{0BFF86BE-F4DA-476A-B3F6-4E08798CDFC3} = {C147911F-3594-46A3-9E5E-947414EB59B9}
		{160AE2AD-C2F4-4E65-9586-49E12D761B0D} = {C147911F-3594-46A3-9E5E-947414EB59B9}
		{EC20C2F4-92D2-4B5C-B2C1-37A2D284D7B3} = {C147911F-3594-46A3-9E5E-947414EB59B9}
		{AC7C79B9-EC75-4911-9013-F45AE3A44C0B} = {743F09A2-B55C-4E2A-8708-C989DFAC2C6E}
	EndGlobalSection
	GlobalSection(ExtensibilityGlobals) = postSolution
		SolutionGuid = {DE9F33BE-995B-451C-9F8D-015E8E897CDE}
	EndGlobalSection
EndGlobal
