
Microsoft Visual Studio Solution File, Format Version 12.00
# Visual Studio 2012
Project("{FAE04EC0-301F-11D3-BF4B-00C04F79EFBC}") = "ClassLibraryBrowser", "ClassLibraryBrowser\ClassLibraryBrowser.csproj", "{F91C2FA4-535B-40BF-9B1D-E7B5FD785F6F}"
EndProject
Project("{FAE04EC0-301F-11D3-BF4B-00C04F79EFBC}") = "IronSmalltalk", "IronSmalltalk\IronSmalltalk.csproj", "{F03C018B-B9AD-4D3C-A1BA-F459BC544C97}"
EndProject
Project("{FAE04EC0-301F-11D3-BF4B-00C04F79EFBC}") = "TestPlayground", "TestPlayground\TestPlayground.csproj", "{59F64346-DE49-45FC-933E-8F74784DBD2D}"
EndProject
Project("{FAE04EC0-301F-11D3-BF4B-00C04F79EFBC}") = "Unit Tests", "Unit Tests\Unit Tests.csproj", "{A24D704B-9A15-47FE-A14B-BB860B14AA5B}"
EndProject
Project("{2150E333-8FDC-42A3-9474-1A3956D46DE8}") = "Solution Items", "Solution Items", "{C51E6B08-A91B-41D0-BFA5-A3CC8D909CAF}"
	ProjectSection(SolutionItems) = preProject
		Common.proj = Common.proj
		IronSmalltalk.vsmdi = IronSmalltalk.vsmdi
		License.htm = License.htm
		Local.testsettings = Local.testsettings
		SilverlightCompatibility.cs = SilverlightCompatibility.cs
		TO DO.txt = TO DO.txt
		TraceAndTestImpact.testsettings = TraceAndTestImpact.testsettings
	EndProjectSection
EndProject
Project("{FAE04EC0-301F-11D3-BF4B-00C04F79EFBC}") = "IronSmalltalk.Common", "IronSmalltalk.Common\IronSmalltalk.Common.csproj", "{CBBBA006-546A-4DFF-95A9-D7B1544205AD}"
EndProject
Project("{FAE04EC0-301F-11D3-BF4B-00C04F79EFBC}") = "IronSmalltalk.InterchangeInstaller", "IronSmalltalk.InterchangeInstaller\IronSmalltalk.InterchangeInstaller.csproj", "{33CC4F2A-E078-4130-89E1-F48752ACAB38}"
EndProject
Project("{FAE04EC0-301F-11D3-BF4B-00C04F79EFBC}") = "IronSmalltalk.Compiler", "IronSmalltalk.Compiler\IronSmalltalk.Compiler.csproj", "{8C1EF7F5-B3AF-401B-9223-E10EF00EBAE6}"
EndProject
Project("{FAE04EC0-301F-11D3-BF4B-00C04F79EFBC}") = "IronSmalltalk.Hosting", "IronSmalltalk.Hosting\IronSmalltalk.Hosting.csproj", "{C3A588AE-808A-4A8E-B460-18FAAB3F6D20}"
EndProject
Project("{FAE04EC0-301F-11D3-BF4B-00C04F79EFBC}") = "IronSmalltalk.VSECompatibility", "IronSmalltalk.VSECompatibility\IronSmalltalk.VSECompatibility.csproj", "{164CB761-F466-4C76-B3F1-31537BD787E7}"
EndProject
Project("{FAE04EC0-301F-11D3-BF4B-00C04F79EFBC}") = "IronSmalltalk.DefinitionInstaller", "IronSmalltalk.DefinitionInstaller\IronSmalltalk.DefinitionInstaller.csproj", "{0BF739EF-002C-4B90-A06B-5E6639FAD2CF}"
EndProject
Project("{FAE04EC0-301F-11D3-BF4B-00C04F79EFBC}") = "IronSmalltalk.Runtime", "IronSmalltalk.Core\IronSmalltalk.Runtime.csproj", "{876AB5DB-133A-47DC-B912-62511E312ED6}"
EndProject
Project("{FAE04EC0-301F-11D3-BF4B-00C04F79EFBC}") = "IronSmalltalk.ConsoleHost", "IronSmalltalk.ConsoleHost\IronSmalltalk.ConsoleHost.csproj", "{2681C5C9-CF05-4381-8D34-894106A08EC2}"
EndProject
Project("{FAE04EC0-301F-11D3-BF4B-00C04F79EFBC}") = "IronSmalltalk.ExpressionCompiler", "IronSmalltalk.ExpressionCompiler\IronSmalltalk.ExpressionCompiler.csproj", "{FCA7DD48-2D8D-44E3-BC00-9446FC793392}"
EndProject
Project("{FAE04EC0-301F-11D3-BF4B-00C04F79EFBC}") = "IronSmalltalk.NativeCompiler", "IronSmalltalk.NativeCompiler\IronSmalltalk.NativeCompiler.csproj", "{4DE504D2-9E38-4EED-B1C6-9C6E04186B2D}"
EndProject
Project("{2150E333-8FDC-42A3-9474-1A3956D46DE8}") = "Tools", "Tools", "{DC3634F0-F47C-4E52-8D17-F276CDFA3193}"
EndProject
Project("{2150E333-8FDC-42A3-9474-1A3956D46DE8}") = "Testing", "Testing", "{238BEABC-FCC9-46BE-B607-6F01A272C5A6}"
EndProject
Project("{FAE04EC0-301F-11D3-BF4B-00C04F79EFBC}") = "IronSmalltalk.CommandLineCompiler", "IronSmalltalk.CommandLineCompiler\IronSmalltalk.CommandLineCompiler.csproj", "{49EF1775-796B-4FE8-9C09-FEB9D8F9FF58}"
EndProject
Global
	GlobalSection(TeamFoundationVersionControl) = preSolution
		SccNumberOfProjects = 16
		SccEnterpriseProvider = {4CA58AB2-18FA-4F8D-95D4-32DDF27D184C}
		SccTeamFoundationServer = https://tfs.codeplex.com/tfs/tfs08
		SccLocalPath0 = .
		SccProjectUniqueName1 = ClassLibraryBrowser\\ClassLibraryBrowser.csproj
		SccProjectTopLevelParentUniqueName1 = IronSmalltalk.sln
		SccProjectName1 = ClassLibraryBrowser
		SccLocalPath1 = ClassLibraryBrowser
		SccProjectUniqueName2 = IronSmalltalk.Common\\IronSmalltalk.Common.csproj
		SccProjectName2 = IronSmalltalk.Common
		SccLocalPath2 = IronSmalltalk.Common
		SccProjectUniqueName3 = IronSmalltalk.Compiler\\IronSmalltalk.Compiler.csproj
		SccProjectName3 = IronSmalltalk.Compiler
		SccLocalPath3 = IronSmalltalk.Compiler
		SccProjectUniqueName4 = IronSmalltalk.Core\\IronSmalltalk.Runtime.csproj
		SccProjectName4 = IronSmalltalk.Core
		SccLocalPath4 = IronSmalltalk.Core
		SccProjectUniqueName5 = IronSmalltalk.DefinitionInstaller\\IronSmalltalk.DefinitionInstaller.csproj
		SccProjectName5 = IronSmalltalk.DefinitionInstaller
		SccLocalPath5 = IronSmalltalk.DefinitionInstaller
		SccProjectUniqueName6 = IronSmalltalk.Hosting\\IronSmalltalk.Hosting.csproj
		SccProjectName6 = IronSmalltalk.Hosting
		SccLocalPath6 = IronSmalltalk.Hosting
		SccProjectUniqueName7 = IronSmalltalk.InterchangeInstaller\\IronSmalltalk.InterchangeInstaller.csproj
		SccProjectName7 = IronSmalltalk.InterchangeInstaller
		SccLocalPath7 = IronSmalltalk.InterchangeInstaller
		SccProjectUniqueName8 = IronSmalltalk.VSECompatibility\\IronSmalltalk.VSECompatibility.csproj
		SccProjectTopLevelParentUniqueName8 = IronSmalltalk.sln
		SccProjectName8 = IronSmalltalk.VSECompatibility
		SccLocalPath8 = IronSmalltalk.VSECompatibility
		SccProjectUniqueName9 = IronSmalltalk\\IronSmalltalk.csproj
		SccProjectName9 = IronSmalltalk
		SccLocalPath9 = IronSmalltalk
		SccProjectUniqueName10 = TestPlayground\\TestPlayground.csproj
		SccProjectTopLevelParentUniqueName10 = IronSmalltalk.sln
		SccProjectName10 = TestPlayground
		SccLocalPath10 = TestPlayground
		SccProjectUniqueName11 = Unit\u0020Tests\\Unit\u0020Tests.csproj
		SccProjectTopLevelParentUniqueName11 = IronSmalltalk.sln
		SccProjectName11 = Unit\u0020Tests
		SccLocalPath11 = Unit\u0020Tests
		SccProjectUniqueName12 = IronSmalltalk.ConsoleHost\\IronSmalltalk.ConsoleHost.csproj
		SccProjectTopLevelParentUniqueName12 = IronSmalltalk.sln
		SccProjectName12 = IronSmalltalk.ConsoleHost
		SccLocalPath12 = IronSmalltalk.ConsoleHost
		SccProjectUniqueName13 = IronSmalltalk.ExpressionCompiler\\IronSmalltalk.ExpressionCompiler.csproj
		SccProjectName13 = IronSmalltalk.ExpressionCompiler
		SccLocalPath13 = IronSmalltalk.ExpressionCompiler
		SccProjectUniqueName14 = IronSmalltalk.NativeCompiler\\IronSmalltalk.NativeCompiler.csproj
		SccProjectName14 = IronSmalltalk.NativeCompiler
		SccLocalPath14 = IronSmalltalk.NativeCompiler
		SccProjectUniqueName15 = IronSmalltalk.CommandLineCompiler\\IronSmalltalk.CommandLineCompiler.csproj
		SccProjectTopLevelParentUniqueName15 = IronSmalltalk.sln
		SccProjectName15 = IronSmalltalk.CommandLineCompiler
		SccLocalPath15 = IronSmalltalk.CommandLineCompiler
	EndGlobalSection
	GlobalSection(TestCaseManagementSettings) = postSolution
		CategoryFile = IronSmalltalk.vsmdi
	EndGlobalSection
	GlobalSection(SolutionConfigurationPlatforms) = preSolution
		Debug|Any CPU = Debug|Any CPU
		Debug|Mixed Platforms = Debug|Mixed Platforms
		Debug|x86 = Debug|x86
		Release|Any CPU = Release|Any CPU
		Release|Mixed Platforms = Release|Mixed Platforms
		Release|x86 = Release|x86
		SilverlightDebug|Any CPU = SilverlightDebug|Any CPU
		SilverlightDebug|Mixed Platforms = SilverlightDebug|Mixed Platforms
		SilverlightDebug|x86 = SilverlightDebug|x86
		SilverlightRelease|Any CPU = SilverlightRelease|Any CPU
		SilverlightRelease|Mixed Platforms = SilverlightRelease|Mixed Platforms
		SilverlightRelease|x86 = SilverlightRelease|x86
	EndGlobalSection
	GlobalSection(ProjectConfigurationPlatforms) = postSolution
		{F91C2FA4-535B-40BF-9B1D-E7B5FD785F6F}.Debug|Any CPU.ActiveCfg = Debug|x86
		{F91C2FA4-535B-40BF-9B1D-E7B5FD785F6F}.Debug|Any CPU.Build.0 = Debug|x86
		{F91C2FA4-535B-40BF-9B1D-E7B5FD785F6F}.Debug|Mixed Platforms.ActiveCfg = Debug|x86
		{F91C2FA4-535B-40BF-9B1D-E7B5FD785F6F}.Debug|Mixed Platforms.Build.0 = Debug|x86
		{F91C2FA4-535B-40BF-9B1D-E7B5FD785F6F}.Debug|x86.ActiveCfg = Debug|x86
		{F91C2FA4-535B-40BF-9B1D-E7B5FD785F6F}.Debug|x86.Build.0 = Debug|x86
		{F91C2FA4-535B-40BF-9B1D-E7B5FD785F6F}.Release|Any CPU.ActiveCfg = Release|x86
		{F91C2FA4-535B-40BF-9B1D-E7B5FD785F6F}.Release|Mixed Platforms.ActiveCfg = Release|x86
		{F91C2FA4-535B-40BF-9B1D-E7B5FD785F6F}.Release|Mixed Platforms.Build.0 = Release|x86
		{F91C2FA4-535B-40BF-9B1D-E7B5FD785F6F}.Release|x86.ActiveCfg = Release|x86
		{F91C2FA4-535B-40BF-9B1D-E7B5FD785F6F}.Release|x86.Build.0 = Release|x86
		{F91C2FA4-535B-40BF-9B1D-E7B5FD785F6F}.SilverlightDebug|Any CPU.ActiveCfg = SilverlightDebug|x86
		{F91C2FA4-535B-40BF-9B1D-E7B5FD785F6F}.SilverlightDebug|Mixed Platforms.ActiveCfg = SilverlightDebug|x86
		{F91C2FA4-535B-40BF-9B1D-E7B5FD785F6F}.SilverlightDebug|Mixed Platforms.Build.0 = SilverlightDebug|x86
		{F91C2FA4-535B-40BF-9B1D-E7B5FD785F6F}.SilverlightDebug|x86.ActiveCfg = SilverlightDebug|x86
		{F91C2FA4-535B-40BF-9B1D-E7B5FD785F6F}.SilverlightDebug|x86.Build.0 = SilverlightDebug|x86
		{F91C2FA4-535B-40BF-9B1D-E7B5FD785F6F}.SilverlightRelease|Any CPU.ActiveCfg = SilverlightRelease|x86
		{F91C2FA4-535B-40BF-9B1D-E7B5FD785F6F}.SilverlightRelease|Mixed Platforms.ActiveCfg = SilverlightRelease|x86
		{F91C2FA4-535B-40BF-9B1D-E7B5FD785F6F}.SilverlightRelease|Mixed Platforms.Build.0 = SilverlightRelease|x86
		{F91C2FA4-535B-40BF-9B1D-E7B5FD785F6F}.SilverlightRelease|x86.ActiveCfg = SilverlightRelease|x86
		{F91C2FA4-535B-40BF-9B1D-E7B5FD785F6F}.SilverlightRelease|x86.Build.0 = SilverlightRelease|x86
		{F03C018B-B9AD-4D3C-A1BA-F459BC544C97}.Debug|Any CPU.ActiveCfg = Debug|Any CPU
		{F03C018B-B9AD-4D3C-A1BA-F459BC544C97}.Debug|Any CPU.Build.0 = Debug|Any CPU
		{F03C018B-B9AD-4D3C-A1BA-F459BC544C97}.Debug|Mixed Platforms.ActiveCfg = Debug|Any CPU
		{F03C018B-B9AD-4D3C-A1BA-F459BC544C97}.Debug|Mixed Platforms.Build.0 = Debug|Any CPU
		{F03C018B-B9AD-4D3C-A1BA-F459BC544C97}.Debug|x86.ActiveCfg = Debug|Any CPU
		{F03C018B-B9AD-4D3C-A1BA-F459BC544C97}.Release|Any CPU.ActiveCfg = Release|Any CPU
		{F03C018B-B9AD-4D3C-A1BA-F459BC544C97}.Release|Any CPU.Build.0 = Release|Any CPU
		{F03C018B-B9AD-4D3C-A1BA-F459BC544C97}.Release|Mixed Platforms.ActiveCfg = Release|Any CPU
		{F03C018B-B9AD-4D3C-A1BA-F459BC544C97}.Release|Mixed Platforms.Build.0 = Release|Any CPU
		{F03C018B-B9AD-4D3C-A1BA-F459BC544C97}.Release|x86.ActiveCfg = Release|Any CPU
		{F03C018B-B9AD-4D3C-A1BA-F459BC544C97}.SilverlightDebug|Any CPU.ActiveCfg = SilverlightDebug|Any CPU
		{F03C018B-B9AD-4D3C-A1BA-F459BC544C97}.SilverlightDebug|Any CPU.Build.0 = SilverlightDebug|Any CPU
		{F03C018B-B9AD-4D3C-A1BA-F459BC544C97}.SilverlightDebug|Mixed Platforms.ActiveCfg = SilverlightDebug|Any CPU
		{F03C018B-B9AD-4D3C-A1BA-F459BC544C97}.SilverlightDebug|Mixed Platforms.Build.0 = SilverlightDebug|Any CPU
		{F03C018B-B9AD-4D3C-A1BA-F459BC544C97}.SilverlightDebug|x86.ActiveCfg = SilverlightDebug|Any CPU
		{F03C018B-B9AD-4D3C-A1BA-F459BC544C97}.SilverlightRelease|Any CPU.ActiveCfg = SilverlightRelease|Any CPU
		{F03C018B-B9AD-4D3C-A1BA-F459BC544C97}.SilverlightRelease|Any CPU.Build.0 = SilverlightRelease|Any CPU
		{F03C018B-B9AD-4D3C-A1BA-F459BC544C97}.SilverlightRelease|Mixed Platforms.ActiveCfg = SilverlightRelease|Any CPU
		{F03C018B-B9AD-4D3C-A1BA-F459BC544C97}.SilverlightRelease|Mixed Platforms.Build.0 = SilverlightRelease|Any CPU
		{F03C018B-B9AD-4D3C-A1BA-F459BC544C97}.SilverlightRelease|x86.ActiveCfg = SilverlightRelease|Any CPU
		{59F64346-DE49-45FC-933E-8F74784DBD2D}.Debug|Any CPU.ActiveCfg = Debug|x86
		{59F64346-DE49-45FC-933E-8F74784DBD2D}.Debug|Any CPU.Build.0 = Debug|x86
		{59F64346-DE49-45FC-933E-8F74784DBD2D}.Debug|Mixed Platforms.ActiveCfg = Debug|x86
		{59F64346-DE49-45FC-933E-8F74784DBD2D}.Debug|Mixed Platforms.Build.0 = Debug|x86
		{59F64346-DE49-45FC-933E-8F74784DBD2D}.Debug|x86.ActiveCfg = Debug|x86
		{59F64346-DE49-45FC-933E-8F74784DBD2D}.Debug|x86.Build.0 = Debug|x86
		{59F64346-DE49-45FC-933E-8F74784DBD2D}.Release|Any CPU.ActiveCfg = Release|x86
		{59F64346-DE49-45FC-933E-8F74784DBD2D}.Release|Mixed Platforms.ActiveCfg = Release|x86
		{59F64346-DE49-45FC-933E-8F74784DBD2D}.Release|Mixed Platforms.Build.0 = Release|x86
		{59F64346-DE49-45FC-933E-8F74784DBD2D}.Release|x86.ActiveCfg = Release|x86
		{59F64346-DE49-45FC-933E-8F74784DBD2D}.Release|x86.Build.0 = Release|x86
		{59F64346-DE49-45FC-933E-8F74784DBD2D}.SilverlightDebug|Any CPU.ActiveCfg = SilverlightDebug|x86
		{59F64346-DE49-45FC-933E-8F74784DBD2D}.SilverlightDebug|Mixed Platforms.ActiveCfg = SilverlightDebug|x86
		{59F64346-DE49-45FC-933E-8F74784DBD2D}.SilverlightDebug|Mixed Platforms.Build.0 = SilverlightDebug|x86
		{59F64346-DE49-45FC-933E-8F74784DBD2D}.SilverlightDebug|x86.ActiveCfg = SilverlightDebug|x86
		{59F64346-DE49-45FC-933E-8F74784DBD2D}.SilverlightDebug|x86.Build.0 = SilverlightDebug|x86
		{59F64346-DE49-45FC-933E-8F74784DBD2D}.SilverlightRelease|Any CPU.ActiveCfg = SilverlightRelease|x86
		{59F64346-DE49-45FC-933E-8F74784DBD2D}.SilverlightRelease|Mixed Platforms.ActiveCfg = SilverlightRelease|x86
		{59F64346-DE49-45FC-933E-8F74784DBD2D}.SilverlightRelease|Mixed Platforms.Build.0 = SilverlightRelease|x86
		{59F64346-DE49-45FC-933E-8F74784DBD2D}.SilverlightRelease|x86.ActiveCfg = SilverlightRelease|x86
		{59F64346-DE49-45FC-933E-8F74784DBD2D}.SilverlightRelease|x86.Build.0 = SilverlightRelease|x86
		{A24D704B-9A15-47FE-A14B-BB860B14AA5B}.Debug|Any CPU.ActiveCfg = Debug|Any CPU
		{A24D704B-9A15-47FE-A14B-BB860B14AA5B}.Debug|Any CPU.Build.0 = Debug|Any CPU
		{A24D704B-9A15-47FE-A14B-BB860B14AA5B}.Debug|Mixed Platforms.ActiveCfg = Debug|Any CPU
		{A24D704B-9A15-47FE-A14B-BB860B14AA5B}.Debug|Mixed Platforms.Build.0 = Debug|Any CPU
		{A24D704B-9A15-47FE-A14B-BB860B14AA5B}.Debug|x86.ActiveCfg = Debug|Any CPU
		{A24D704B-9A15-47FE-A14B-BB860B14AA5B}.Release|Any CPU.ActiveCfg = Release|Any CPU
		{A24D704B-9A15-47FE-A14B-BB860B14AA5B}.Release|Any CPU.Build.0 = Release|Any CPU
		{A24D704B-9A15-47FE-A14B-BB860B14AA5B}.Release|Mixed Platforms.ActiveCfg = Release|Any CPU
		{A24D704B-9A15-47FE-A14B-BB860B14AA5B}.Release|Mixed Platforms.Build.0 = Release|Any CPU
		{A24D704B-9A15-47FE-A14B-BB860B14AA5B}.Release|x86.ActiveCfg = Release|Any CPU
		{A24D704B-9A15-47FE-A14B-BB860B14AA5B}.SilverlightDebug|Any CPU.ActiveCfg = SilverlightDebug|Any CPU
		{A24D704B-9A15-47FE-A14B-BB860B14AA5B}.SilverlightDebug|Any CPU.Build.0 = SilverlightDebug|Any CPU
		{A24D704B-9A15-47FE-A14B-BB860B14AA5B}.SilverlightDebug|Mixed Platforms.ActiveCfg = SilverlightDebug|Any CPU
		{A24D704B-9A15-47FE-A14B-BB860B14AA5B}.SilverlightDebug|Mixed Platforms.Build.0 = SilverlightDebug|Any CPU
		{A24D704B-9A15-47FE-A14B-BB860B14AA5B}.SilverlightDebug|x86.ActiveCfg = SilverlightDebug|Any CPU
		{A24D704B-9A15-47FE-A14B-BB860B14AA5B}.SilverlightRelease|Any CPU.ActiveCfg = SilverlightRelease|Any CPU
		{A24D704B-9A15-47FE-A14B-BB860B14AA5B}.SilverlightRelease|Any CPU.Build.0 = SilverlightRelease|Any CPU
		{A24D704B-9A15-47FE-A14B-BB860B14AA5B}.SilverlightRelease|Mixed Platforms.ActiveCfg = SilverlightRelease|Any CPU
		{A24D704B-9A15-47FE-A14B-BB860B14AA5B}.SilverlightRelease|Mixed Platforms.Build.0 = SilverlightRelease|Any CPU
		{A24D704B-9A15-47FE-A14B-BB860B14AA5B}.SilverlightRelease|x86.ActiveCfg = SilverlightRelease|Any CPU
		{CBBBA006-546A-4DFF-95A9-D7B1544205AD}.Debug|Any CPU.ActiveCfg = Debug|Any CPU
		{CBBBA006-546A-4DFF-95A9-D7B1544205AD}.Debug|Any CPU.Build.0 = Debug|Any CPU
		{CBBBA006-546A-4DFF-95A9-D7B1544205AD}.Debug|Mixed Platforms.ActiveCfg = Debug|Any CPU
		{CBBBA006-546A-4DFF-95A9-D7B1544205AD}.Debug|Mixed Platforms.Build.0 = Debug|Any CPU
		{CBBBA006-546A-4DFF-95A9-D7B1544205AD}.Debug|x86.ActiveCfg = Debug|Any CPU
		{CBBBA006-546A-4DFF-95A9-D7B1544205AD}.Release|Any CPU.ActiveCfg = Release|Any CPU
		{CBBBA006-546A-4DFF-95A9-D7B1544205AD}.Release|Any CPU.Build.0 = Release|Any CPU
		{CBBBA006-546A-4DFF-95A9-D7B1544205AD}.Release|Mixed Platforms.ActiveCfg = Release|Any CPU
		{CBBBA006-546A-4DFF-95A9-D7B1544205AD}.Release|Mixed Platforms.Build.0 = Release|Any CPU
		{CBBBA006-546A-4DFF-95A9-D7B1544205AD}.Release|x86.ActiveCfg = Release|Any CPU
		{CBBBA006-546A-4DFF-95A9-D7B1544205AD}.SilverlightDebug|Any CPU.ActiveCfg = SilverlightDebug|Any CPU
		{CBBBA006-546A-4DFF-95A9-D7B1544205AD}.SilverlightDebug|Any CPU.Build.0 = SilverlightDebug|Any CPU
		{CBBBA006-546A-4DFF-95A9-D7B1544205AD}.SilverlightDebug|Mixed Platforms.ActiveCfg = SilverlightDebug|Any CPU
		{CBBBA006-546A-4DFF-95A9-D7B1544205AD}.SilverlightDebug|Mixed Platforms.Build.0 = SilverlightDebug|Any CPU
		{CBBBA006-546A-4DFF-95A9-D7B1544205AD}.SilverlightDebug|x86.ActiveCfg = SilverlightDebug|Any CPU
		{CBBBA006-546A-4DFF-95A9-D7B1544205AD}.SilverlightRelease|Any CPU.ActiveCfg = SilverlightRelease|Any CPU
		{CBBBA006-546A-4DFF-95A9-D7B1544205AD}.SilverlightRelease|Any CPU.Build.0 = SilverlightRelease|Any CPU
		{CBBBA006-546A-4DFF-95A9-D7B1544205AD}.SilverlightRelease|Mixed Platforms.ActiveCfg = SilverlightRelease|Any CPU
		{CBBBA006-546A-4DFF-95A9-D7B1544205AD}.SilverlightRelease|Mixed Platforms.Build.0 = SilverlightRelease|Any CPU
		{CBBBA006-546A-4DFF-95A9-D7B1544205AD}.SilverlightRelease|x86.ActiveCfg = SilverlightRelease|Any CPU
		{33CC4F2A-E078-4130-89E1-F48752ACAB38}.Debug|Any CPU.ActiveCfg = Debug|Any CPU
		{33CC4F2A-E078-4130-89E1-F48752ACAB38}.Debug|Any CPU.Build.0 = Debug|Any CPU
		{33CC4F2A-E078-4130-89E1-F48752ACAB38}.Debug|Mixed Platforms.ActiveCfg = Debug|Any CPU
		{33CC4F2A-E078-4130-89E1-F48752ACAB38}.Debug|Mixed Platforms.Build.0 = Debug|Any CPU
		{33CC4F2A-E078-4130-89E1-F48752ACAB38}.Debug|x86.ActiveCfg = Debug|Any CPU
		{33CC4F2A-E078-4130-89E1-F48752ACAB38}.Release|Any CPU.ActiveCfg = Release|Any CPU
		{33CC4F2A-E078-4130-89E1-F48752ACAB38}.Release|Any CPU.Build.0 = Release|Any CPU
		{33CC4F2A-E078-4130-89E1-F48752ACAB38}.Release|Mixed Platforms.ActiveCfg = Release|Any CPU
		{33CC4F2A-E078-4130-89E1-F48752ACAB38}.Release|Mixed Platforms.Build.0 = Release|Any CPU
		{33CC4F2A-E078-4130-89E1-F48752ACAB38}.Release|x86.ActiveCfg = Release|Any CPU
		{33CC4F2A-E078-4130-89E1-F48752ACAB38}.SilverlightDebug|Any CPU.ActiveCfg = SilverlightDebug|Any CPU
		{33CC4F2A-E078-4130-89E1-F48752ACAB38}.SilverlightDebug|Any CPU.Build.0 = SilverlightDebug|Any CPU
		{33CC4F2A-E078-4130-89E1-F48752ACAB38}.SilverlightDebug|Mixed Platforms.ActiveCfg = SilverlightDebug|Any CPU
		{33CC4F2A-E078-4130-89E1-F48752ACAB38}.SilverlightDebug|Mixed Platforms.Build.0 = SilverlightDebug|Any CPU
		{33CC4F2A-E078-4130-89E1-F48752ACAB38}.SilverlightDebug|x86.ActiveCfg = SilverlightDebug|Any CPU
		{33CC4F2A-E078-4130-89E1-F48752ACAB38}.SilverlightRelease|Any CPU.ActiveCfg = SilverlightRelease|Any CPU
		{33CC4F2A-E078-4130-89E1-F48752ACAB38}.SilverlightRelease|Any CPU.Build.0 = SilverlightRelease|Any CPU
		{33CC4F2A-E078-4130-89E1-F48752ACAB38}.SilverlightRelease|Mixed Platforms.ActiveCfg = SilverlightRelease|Any CPU
		{33CC4F2A-E078-4130-89E1-F48752ACAB38}.SilverlightRelease|Mixed Platforms.Build.0 = SilverlightRelease|Any CPU
		{33CC4F2A-E078-4130-89E1-F48752ACAB38}.SilverlightRelease|x86.ActiveCfg = SilverlightRelease|Any CPU
		{8C1EF7F5-B3AF-401B-9223-E10EF00EBAE6}.Debug|Any CPU.ActiveCfg = Debug|Any CPU
		{8C1EF7F5-B3AF-401B-9223-E10EF00EBAE6}.Debug|Any CPU.Build.0 = Debug|Any CPU
		{8C1EF7F5-B3AF-401B-9223-E10EF00EBAE6}.Debug|Mixed Platforms.ActiveCfg = Debug|Any CPU
		{8C1EF7F5-B3AF-401B-9223-E10EF00EBAE6}.Debug|Mixed Platforms.Build.0 = Debug|Any CPU
		{8C1EF7F5-B3AF-401B-9223-E10EF00EBAE6}.Debug|x86.ActiveCfg = Debug|Any CPU
		{8C1EF7F5-B3AF-401B-9223-E10EF00EBAE6}.Release|Any CPU.ActiveCfg = Release|Any CPU
		{8C1EF7F5-B3AF-401B-9223-E10EF00EBAE6}.Release|Any CPU.Build.0 = Release|Any CPU
		{8C1EF7F5-B3AF-401B-9223-E10EF00EBAE6}.Release|Mixed Platforms.ActiveCfg = Release|Any CPU
		{8C1EF7F5-B3AF-401B-9223-E10EF00EBAE6}.Release|Mixed Platforms.Build.0 = Release|Any CPU
		{8C1EF7F5-B3AF-401B-9223-E10EF00EBAE6}.Release|x86.ActiveCfg = Release|Any CPU
		{8C1EF7F5-B3AF-401B-9223-E10EF00EBAE6}.SilverlightDebug|Any CPU.ActiveCfg = SilverlightDebug|Any CPU
		{8C1EF7F5-B3AF-401B-9223-E10EF00EBAE6}.SilverlightDebug|Any CPU.Build.0 = SilverlightDebug|Any CPU
		{8C1EF7F5-B3AF-401B-9223-E10EF00EBAE6}.SilverlightDebug|Mixed Platforms.ActiveCfg = SilverlightDebug|Any CPU
		{8C1EF7F5-B3AF-401B-9223-E10EF00EBAE6}.SilverlightDebug|Mixed Platforms.Build.0 = SilverlightDebug|Any CPU
		{8C1EF7F5-B3AF-401B-9223-E10EF00EBAE6}.SilverlightDebug|x86.ActiveCfg = SilverlightDebug|Any CPU
		{8C1EF7F5-B3AF-401B-9223-E10EF00EBAE6}.SilverlightRelease|Any CPU.ActiveCfg = SilverlightRelease|Any CPU
		{8C1EF7F5-B3AF-401B-9223-E10EF00EBAE6}.SilverlightRelease|Any CPU.Build.0 = SilverlightRelease|Any CPU
		{8C1EF7F5-B3AF-401B-9223-E10EF00EBAE6}.SilverlightRelease|Mixed Platforms.ActiveCfg = SilverlightRelease|Any CPU
		{8C1EF7F5-B3AF-401B-9223-E10EF00EBAE6}.SilverlightRelease|Mixed Platforms.Build.0 = SilverlightRelease|Any CPU
		{8C1EF7F5-B3AF-401B-9223-E10EF00EBAE6}.SilverlightRelease|x86.ActiveCfg = SilverlightRelease|Any CPU
		{C3A588AE-808A-4A8E-B460-18FAAB3F6D20}.Debug|Any CPU.ActiveCfg = Debug|Any CPU
		{C3A588AE-808A-4A8E-B460-18FAAB3F6D20}.Debug|Any CPU.Build.0 = Debug|Any CPU
		{C3A588AE-808A-4A8E-B460-18FAAB3F6D20}.Debug|Mixed Platforms.ActiveCfg = Debug|Any CPU
		{C3A588AE-808A-4A8E-B460-18FAAB3F6D20}.Debug|Mixed Platforms.Build.0 = Debug|Any CPU
		{C3A588AE-808A-4A8E-B460-18FAAB3F6D20}.Debug|x86.ActiveCfg = Debug|Any CPU
		{C3A588AE-808A-4A8E-B460-18FAAB3F6D20}.Release|Any CPU.ActiveCfg = Release|Any CPU
		{C3A588AE-808A-4A8E-B460-18FAAB3F6D20}.Release|Any CPU.Build.0 = Release|Any CPU
		{C3A588AE-808A-4A8E-B460-18FAAB3F6D20}.Release|Mixed Platforms.ActiveCfg = Release|Any CPU
		{C3A588AE-808A-4A8E-B460-18FAAB3F6D20}.Release|Mixed Platforms.Build.0 = Release|Any CPU
		{C3A588AE-808A-4A8E-B460-18FAAB3F6D20}.Release|x86.ActiveCfg = Release|Any CPU
		{C3A588AE-808A-4A8E-B460-18FAAB3F6D20}.SilverlightDebug|Any CPU.ActiveCfg = SilverlightDebug|Any CPU
		{C3A588AE-808A-4A8E-B460-18FAAB3F6D20}.SilverlightDebug|Any CPU.Build.0 = SilverlightDebug|Any CPU
		{C3A588AE-808A-4A8E-B460-18FAAB3F6D20}.SilverlightDebug|Mixed Platforms.ActiveCfg = SilverlightDebug|Any CPU
		{C3A588AE-808A-4A8E-B460-18FAAB3F6D20}.SilverlightDebug|Mixed Platforms.Build.0 = SilverlightDebug|Any CPU
		{C3A588AE-808A-4A8E-B460-18FAAB3F6D20}.SilverlightDebug|x86.ActiveCfg = SilverlightDebug|Any CPU
		{C3A588AE-808A-4A8E-B460-18FAAB3F6D20}.SilverlightRelease|Any CPU.ActiveCfg = SilverlightRelease|Any CPU
		{C3A588AE-808A-4A8E-B460-18FAAB3F6D20}.SilverlightRelease|Any CPU.Build.0 = SilverlightRelease|Any CPU
		{C3A588AE-808A-4A8E-B460-18FAAB3F6D20}.SilverlightRelease|Mixed Platforms.ActiveCfg = SilverlightRelease|Any CPU
		{C3A588AE-808A-4A8E-B460-18FAAB3F6D20}.SilverlightRelease|Mixed Platforms.Build.0 = SilverlightRelease|Any CPU
		{C3A588AE-808A-4A8E-B460-18FAAB3F6D20}.SilverlightRelease|x86.ActiveCfg = SilverlightRelease|Any CPU
		{164CB761-F466-4C76-B3F1-31537BD787E7}.Debug|Any CPU.ActiveCfg = Debug|Any CPU
		{164CB761-F466-4C76-B3F1-31537BD787E7}.Debug|Any CPU.Build.0 = Debug|Any CPU
		{164CB761-F466-4C76-B3F1-31537BD787E7}.Debug|Mixed Platforms.ActiveCfg = Debug|Any CPU
		{164CB761-F466-4C76-B3F1-31537BD787E7}.Debug|Mixed Platforms.Build.0 = Debug|Any CPU
		{164CB761-F466-4C76-B3F1-31537BD787E7}.Debug|x86.ActiveCfg = Debug|Any CPU
		{164CB761-F466-4C76-B3F1-31537BD787E7}.Release|Any CPU.ActiveCfg = Release|Any CPU
		{164CB761-F466-4C76-B3F1-31537BD787E7}.Release|Any CPU.Build.0 = Release|Any CPU
		{164CB761-F466-4C76-B3F1-31537BD787E7}.Release|Mixed Platforms.ActiveCfg = Release|Any CPU
		{164CB761-F466-4C76-B3F1-31537BD787E7}.Release|Mixed Platforms.Build.0 = Release|Any CPU
		{164CB761-F466-4C76-B3F1-31537BD787E7}.Release|x86.ActiveCfg = Release|Any CPU
		{164CB761-F466-4C76-B3F1-31537BD787E7}.SilverlightDebug|Any CPU.ActiveCfg = SilverlightDebug|Any CPU
		{164CB761-F466-4C76-B3F1-31537BD787E7}.SilverlightDebug|Any CPU.Build.0 = SilverlightDebug|Any CPU
		{164CB761-F466-4C76-B3F1-31537BD787E7}.SilverlightDebug|Mixed Platforms.ActiveCfg = SilverlightDebug|Any CPU
		{164CB761-F466-4C76-B3F1-31537BD787E7}.SilverlightDebug|Mixed Platforms.Build.0 = SilverlightDebug|Any CPU
		{164CB761-F466-4C76-B3F1-31537BD787E7}.SilverlightDebug|x86.ActiveCfg = SilverlightDebug|Any CPU
		{164CB761-F466-4C76-B3F1-31537BD787E7}.SilverlightRelease|Any CPU.ActiveCfg = SilverlightRelease|Any CPU
		{164CB761-F466-4C76-B3F1-31537BD787E7}.SilverlightRelease|Any CPU.Build.0 = SilverlightRelease|Any CPU
		{164CB761-F466-4C76-B3F1-31537BD787E7}.SilverlightRelease|Mixed Platforms.ActiveCfg = SilverlightRelease|Any CPU
		{164CB761-F466-4C76-B3F1-31537BD787E7}.SilverlightRelease|Mixed Platforms.Build.0 = SilverlightRelease|Any CPU
		{164CB761-F466-4C76-B3F1-31537BD787E7}.SilverlightRelease|x86.ActiveCfg = SilverlightRelease|Any CPU
		{0BF739EF-002C-4B90-A06B-5E6639FAD2CF}.Debug|Any CPU.ActiveCfg = Debug|Any CPU
		{0BF739EF-002C-4B90-A06B-5E6639FAD2CF}.Debug|Any CPU.Build.0 = Debug|Any CPU
		{0BF739EF-002C-4B90-A06B-5E6639FAD2CF}.Debug|Mixed Platforms.ActiveCfg = Debug|Any CPU
		{0BF739EF-002C-4B90-A06B-5E6639FAD2CF}.Debug|Mixed Platforms.Build.0 = Debug|Any CPU
		{0BF739EF-002C-4B90-A06B-5E6639FAD2CF}.Debug|x86.ActiveCfg = Debug|Any CPU
		{0BF739EF-002C-4B90-A06B-5E6639FAD2CF}.Release|Any CPU.ActiveCfg = Release|Any CPU
		{0BF739EF-002C-4B90-A06B-5E6639FAD2CF}.Release|Any CPU.Build.0 = Release|Any CPU
		{0BF739EF-002C-4B90-A06B-5E6639FAD2CF}.Release|Mixed Platforms.ActiveCfg = Release|Any CPU
		{0BF739EF-002C-4B90-A06B-5E6639FAD2CF}.Release|Mixed Platforms.Build.0 = Release|Any CPU
		{0BF739EF-002C-4B90-A06B-5E6639FAD2CF}.Release|x86.ActiveCfg = Release|Any CPU
		{0BF739EF-002C-4B90-A06B-5E6639FAD2CF}.SilverlightDebug|Any CPU.ActiveCfg = SilverlightDebug|Any CPU
		{0BF739EF-002C-4B90-A06B-5E6639FAD2CF}.SilverlightDebug|Any CPU.Build.0 = SilverlightDebug|Any CPU
		{0BF739EF-002C-4B90-A06B-5E6639FAD2CF}.SilverlightDebug|Mixed Platforms.ActiveCfg = SilverlightDebug|Any CPU
		{0BF739EF-002C-4B90-A06B-5E6639FAD2CF}.SilverlightDebug|Mixed Platforms.Build.0 = SilverlightDebug|Any CPU
		{0BF739EF-002C-4B90-A06B-5E6639FAD2CF}.SilverlightDebug|x86.ActiveCfg = SilverlightDebug|Any CPU
		{0BF739EF-002C-4B90-A06B-5E6639FAD2CF}.SilverlightRelease|Any CPU.ActiveCfg = SilverlightRelease|Any CPU
		{0BF739EF-002C-4B90-A06B-5E6639FAD2CF}.SilverlightRelease|Any CPU.Build.0 = SilverlightRelease|Any CPU
		{0BF739EF-002C-4B90-A06B-5E6639FAD2CF}.SilverlightRelease|Mixed Platforms.ActiveCfg = SilverlightRelease|Any CPU
		{0BF739EF-002C-4B90-A06B-5E6639FAD2CF}.SilverlightRelease|Mixed Platforms.Build.0 = SilverlightRelease|Any CPU
		{0BF739EF-002C-4B90-A06B-5E6639FAD2CF}.SilverlightRelease|x86.ActiveCfg = SilverlightRelease|Any CPU
		{876AB5DB-133A-47DC-B912-62511E312ED6}.Debug|Any CPU.ActiveCfg = Debug|Any CPU
		{876AB5DB-133A-47DC-B912-62511E312ED6}.Debug|Any CPU.Build.0 = Debug|Any CPU
		{876AB5DB-133A-47DC-B912-62511E312ED6}.Debug|Mixed Platforms.ActiveCfg = Debug|Any CPU
		{876AB5DB-133A-47DC-B912-62511E312ED6}.Debug|Mixed Platforms.Build.0 = Debug|Any CPU
		{876AB5DB-133A-47DC-B912-62511E312ED6}.Debug|x86.ActiveCfg = Debug|Any CPU
		{876AB5DB-133A-47DC-B912-62511E312ED6}.Release|Any CPU.ActiveCfg = Release|Any CPU
		{876AB5DB-133A-47DC-B912-62511E312ED6}.Release|Any CPU.Build.0 = Release|Any CPU
		{876AB5DB-133A-47DC-B912-62511E312ED6}.Release|Mixed Platforms.ActiveCfg = Release|Any CPU
		{876AB5DB-133A-47DC-B912-62511E312ED6}.Release|Mixed Platforms.Build.0 = Release|Any CPU
		{876AB5DB-133A-47DC-B912-62511E312ED6}.Release|x86.ActiveCfg = Release|Any CPU
		{876AB5DB-133A-47DC-B912-62511E312ED6}.SilverlightDebug|Any CPU.ActiveCfg = SilverlightDebug|Any CPU
		{876AB5DB-133A-47DC-B912-62511E312ED6}.SilverlightDebug|Any CPU.Build.0 = SilverlightDebug|Any CPU
		{876AB5DB-133A-47DC-B912-62511E312ED6}.SilverlightDebug|Mixed Platforms.ActiveCfg = SilverlightDebug|Any CPU
		{876AB5DB-133A-47DC-B912-62511E312ED6}.SilverlightDebug|Mixed Platforms.Build.0 = SilverlightDebug|Any CPU
		{876AB5DB-133A-47DC-B912-62511E312ED6}.SilverlightDebug|x86.ActiveCfg = SilverlightDebug|Any CPU
		{876AB5DB-133A-47DC-B912-62511E312ED6}.SilverlightRelease|Any CPU.ActiveCfg = SilverlightRelease|Any CPU
		{876AB5DB-133A-47DC-B912-62511E312ED6}.SilverlightRelease|Any CPU.Build.0 = SilverlightRelease|Any CPU
		{876AB5DB-133A-47DC-B912-62511E312ED6}.SilverlightRelease|Mixed Platforms.ActiveCfg = SilverlightRelease|Any CPU
		{876AB5DB-133A-47DC-B912-62511E312ED6}.SilverlightRelease|Mixed Platforms.Build.0 = SilverlightRelease|Any CPU
		{876AB5DB-133A-47DC-B912-62511E312ED6}.SilverlightRelease|x86.ActiveCfg = SilverlightRelease|Any CPU
		{2681C5C9-CF05-4381-8D34-894106A08EC2}.Debug|Any CPU.ActiveCfg = Debug|x86
		{2681C5C9-CF05-4381-8D34-894106A08EC2}.Debug|Any CPU.Build.0 = Debug|x86
		{2681C5C9-CF05-4381-8D34-894106A08EC2}.Debug|Mixed Platforms.ActiveCfg = Debug|x86
		{2681C5C9-CF05-4381-8D34-894106A08EC2}.Debug|Mixed Platforms.Build.0 = Debug|x86
		{2681C5C9-CF05-4381-8D34-894106A08EC2}.Debug|x86.ActiveCfg = Debug|x86
		{2681C5C9-CF05-4381-8D34-894106A08EC2}.Debug|x86.Build.0 = Debug|x86
		{2681C5C9-CF05-4381-8D34-894106A08EC2}.Release|Any CPU.ActiveCfg = Release|x86
		{2681C5C9-CF05-4381-8D34-894106A08EC2}.Release|Mixed Platforms.ActiveCfg = Release|x86
		{2681C5C9-CF05-4381-8D34-894106A08EC2}.Release|Mixed Platforms.Build.0 = Release|x86
		{2681C5C9-CF05-4381-8D34-894106A08EC2}.Release|x86.ActiveCfg = Release|x86
		{2681C5C9-CF05-4381-8D34-894106A08EC2}.Release|x86.Build.0 = Release|x86
		{2681C5C9-CF05-4381-8D34-894106A08EC2}.SilverlightDebug|Any CPU.ActiveCfg = Debug|x86
		{2681C5C9-CF05-4381-8D34-894106A08EC2}.SilverlightDebug|Mixed Platforms.ActiveCfg = Debug|x86
		{2681C5C9-CF05-4381-8D34-894106A08EC2}.SilverlightDebug|Mixed Platforms.Build.0 = Debug|x86
		{2681C5C9-CF05-4381-8D34-894106A08EC2}.SilverlightDebug|x86.ActiveCfg = Debug|x86
		{2681C5C9-CF05-4381-8D34-894106A08EC2}.SilverlightDebug|x86.Build.0 = Debug|x86
		{2681C5C9-CF05-4381-8D34-894106A08EC2}.SilverlightRelease|Any CPU.ActiveCfg = Release|x86
		{2681C5C9-CF05-4381-8D34-894106A08EC2}.SilverlightRelease|Mixed Platforms.ActiveCfg = Release|x86
		{2681C5C9-CF05-4381-8D34-894106A08EC2}.SilverlightRelease|Mixed Platforms.Build.0 = Release|x86
		{2681C5C9-CF05-4381-8D34-894106A08EC2}.SilverlightRelease|x86.ActiveCfg = Release|x86
		{2681C5C9-CF05-4381-8D34-894106A08EC2}.SilverlightRelease|x86.Build.0 = Release|x86
		{FCA7DD48-2D8D-44E3-BC00-9446FC793392}.Debug|Any CPU.ActiveCfg = Debug|Any CPU
		{FCA7DD48-2D8D-44E3-BC00-9446FC793392}.Debug|Any CPU.Build.0 = Debug|Any CPU
		{FCA7DD48-2D8D-44E3-BC00-9446FC793392}.Debug|Mixed Platforms.ActiveCfg = Debug|Any CPU
		{FCA7DD48-2D8D-44E3-BC00-9446FC793392}.Debug|Mixed Platforms.Build.0 = Debug|Any CPU
		{FCA7DD48-2D8D-44E3-BC00-9446FC793392}.Debug|x86.ActiveCfg = Debug|Any CPU
		{FCA7DD48-2D8D-44E3-BC00-9446FC793392}.Release|Any CPU.ActiveCfg = Release|Any CPU
		{FCA7DD48-2D8D-44E3-BC00-9446FC793392}.Release|Any CPU.Build.0 = Release|Any CPU
		{FCA7DD48-2D8D-44E3-BC00-9446FC793392}.Release|Mixed Platforms.ActiveCfg = Release|Any CPU
		{FCA7DD48-2D8D-44E3-BC00-9446FC793392}.Release|Mixed Platforms.Build.0 = Release|Any CPU
		{FCA7DD48-2D8D-44E3-BC00-9446FC793392}.Release|x86.ActiveCfg = Release|Any CPU
		{FCA7DD48-2D8D-44E3-BC00-9446FC793392}.SilverlightDebug|Any CPU.ActiveCfg = Debug|Any CPU
		{FCA7DD48-2D8D-44E3-BC00-9446FC793392}.SilverlightDebug|Any CPU.Build.0 = Debug|Any CPU
		{FCA7DD48-2D8D-44E3-BC00-9446FC793392}.SilverlightDebug|Mixed Platforms.ActiveCfg = Debug|Any CPU
		{FCA7DD48-2D8D-44E3-BC00-9446FC793392}.SilverlightDebug|Mixed Platforms.Build.0 = Debug|Any CPU
		{FCA7DD48-2D8D-44E3-BC00-9446FC793392}.SilverlightDebug|x86.ActiveCfg = Debug|Any CPU
		{FCA7DD48-2D8D-44E3-BC00-9446FC793392}.SilverlightRelease|Any CPU.ActiveCfg = Release|Any CPU
		{FCA7DD48-2D8D-44E3-BC00-9446FC793392}.SilverlightRelease|Any CPU.Build.0 = Release|Any CPU
		{FCA7DD48-2D8D-44E3-BC00-9446FC793392}.SilverlightRelease|Mixed Platforms.ActiveCfg = Release|Any CPU
		{FCA7DD48-2D8D-44E3-BC00-9446FC793392}.SilverlightRelease|Mixed Platforms.Build.0 = Release|Any CPU
		{FCA7DD48-2D8D-44E3-BC00-9446FC793392}.SilverlightRelease|x86.ActiveCfg = Release|Any CPU
		{4DE504D2-9E38-4EED-B1C6-9C6E04186B2D}.Debug|Any CPU.ActiveCfg = Debug|Any CPU
		{4DE504D2-9E38-4EED-B1C6-9C6E04186B2D}.Debug|Any CPU.Build.0 = Debug|Any CPU
		{4DE504D2-9E38-4EED-B1C6-9C6E04186B2D}.Debug|Mixed Platforms.ActiveCfg = Debug|Any CPU
		{4DE504D2-9E38-4EED-B1C6-9C6E04186B2D}.Debug|Mixed Platforms.Build.0 = Debug|Any CPU
		{4DE504D2-9E38-4EED-B1C6-9C6E04186B2D}.Debug|x86.ActiveCfg = Debug|Any CPU
		{4DE504D2-9E38-4EED-B1C6-9C6E04186B2D}.Release|Any CPU.ActiveCfg = Release|Any CPU
		{4DE504D2-9E38-4EED-B1C6-9C6E04186B2D}.Release|Any CPU.Build.0 = Release|Any CPU
		{4DE504D2-9E38-4EED-B1C6-9C6E04186B2D}.Release|Mixed Platforms.ActiveCfg = Release|Any CPU
		{4DE504D2-9E38-4EED-B1C6-9C6E04186B2D}.Release|Mixed Platforms.Build.0 = Release|Any CPU
		{4DE504D2-9E38-4EED-B1C6-9C6E04186B2D}.Release|x86.ActiveCfg = Release|Any CPU
		{4DE504D2-9E38-4EED-B1C6-9C6E04186B2D}.SilverlightDebug|Any CPU.ActiveCfg = Debug|Any CPU
		{4DE504D2-9E38-4EED-B1C6-9C6E04186B2D}.SilverlightDebug|Any CPU.Build.0 = Debug|Any CPU
		{4DE504D2-9E38-4EED-B1C6-9C6E04186B2D}.SilverlightDebug|Mixed Platforms.ActiveCfg = Debug|Any CPU
		{4DE504D2-9E38-4EED-B1C6-9C6E04186B2D}.SilverlightDebug|Mixed Platforms.Build.0 = Debug|Any CPU
		{4DE504D2-9E38-4EED-B1C6-9C6E04186B2D}.SilverlightDebug|x86.ActiveCfg = Debug|Any CPU
		{4DE504D2-9E38-4EED-B1C6-9C6E04186B2D}.SilverlightRelease|Any CPU.ActiveCfg = Release|Any CPU
		{4DE504D2-9E38-4EED-B1C6-9C6E04186B2D}.SilverlightRelease|Any CPU.Build.0 = Release|Any CPU
		{4DE504D2-9E38-4EED-B1C6-9C6E04186B2D}.SilverlightRelease|Mixed Platforms.ActiveCfg = Release|Any CPU
		{4DE504D2-9E38-4EED-B1C6-9C6E04186B2D}.SilverlightRelease|Mixed Platforms.Build.0 = Release|Any CPU
		{4DE504D2-9E38-4EED-B1C6-9C6E04186B2D}.SilverlightRelease|x86.ActiveCfg = Release|Any CPU
		{49EF1775-796B-4FE8-9C09-FEB9D8F9FF58}.Debug|Any CPU.ActiveCfg = Debug|Any CPU
		{49EF1775-796B-4FE8-9C09-FEB9D8F9FF58}.Debug|Any CPU.Build.0 = Debug|Any CPU
		{49EF1775-796B-4FE8-9C09-FEB9D8F9FF58}.Debug|Mixed Platforms.ActiveCfg = Debug|Any CPU
		{49EF1775-796B-4FE8-9C09-FEB9D8F9FF58}.Debug|Mixed Platforms.Build.0 = Debug|Any CPU
		{49EF1775-796B-4FE8-9C09-FEB9D8F9FF58}.Debug|x86.ActiveCfg = Debug|Any CPU
		{49EF1775-796B-4FE8-9C09-FEB9D8F9FF58}.Release|Any CPU.ActiveCfg = Release|Any CPU
		{49EF1775-796B-4FE8-9C09-FEB9D8F9FF58}.Release|Any CPU.Build.0 = Release|Any CPU
		{49EF1775-796B-4FE8-9C09-FEB9D8F9FF58}.Release|Mixed Platforms.ActiveCfg = Release|Any CPU
		{49EF1775-796B-4FE8-9C09-FEB9D8F9FF58}.Release|Mixed Platforms.Build.0 = Release|Any CPU
		{49EF1775-796B-4FE8-9C09-FEB9D8F9FF58}.Release|x86.ActiveCfg = Release|Any CPU
		{49EF1775-796B-4FE8-9C09-FEB9D8F9FF58}.SilverlightDebug|Any CPU.ActiveCfg = Debug|Any CPU
		{49EF1775-796B-4FE8-9C09-FEB9D8F9FF58}.SilverlightDebug|Any CPU.Build.0 = Debug|Any CPU
		{49EF1775-796B-4FE8-9C09-FEB9D8F9FF58}.SilverlightDebug|Mixed Platforms.ActiveCfg = Debug|Any CPU
		{49EF1775-796B-4FE8-9C09-FEB9D8F9FF58}.SilverlightDebug|Mixed Platforms.Build.0 = Debug|Any CPU
		{49EF1775-796B-4FE8-9C09-FEB9D8F9FF58}.SilverlightDebug|x86.ActiveCfg = Debug|Any CPU
		{49EF1775-796B-4FE8-9C09-FEB9D8F9FF58}.SilverlightRelease|Any CPU.ActiveCfg = Release|Any CPU
		{49EF1775-796B-4FE8-9C09-FEB9D8F9FF58}.SilverlightRelease|Any CPU.Build.0 = Release|Any CPU
		{49EF1775-796B-4FE8-9C09-FEB9D8F9FF58}.SilverlightRelease|Mixed Platforms.ActiveCfg = Release|Any CPU
		{49EF1775-796B-4FE8-9C09-FEB9D8F9FF58}.SilverlightRelease|Mixed Platforms.Build.0 = Release|Any CPU
		{49EF1775-796B-4FE8-9C09-FEB9D8F9FF58}.SilverlightRelease|x86.ActiveCfg = Release|Any CPU
	EndGlobalSection
	GlobalSection(SolutionProperties) = preSolution
		HideSolutionNode = FALSE
	EndGlobalSection
	GlobalSection(NestedProjects) = preSolution
		{F91C2FA4-535B-40BF-9B1D-E7B5FD785F6F} = {DC3634F0-F47C-4E52-8D17-F276CDFA3193}
		{2681C5C9-CF05-4381-8D34-894106A08EC2} = {DC3634F0-F47C-4E52-8D17-F276CDFA3193}
		{49EF1775-796B-4FE8-9C09-FEB9D8F9FF58} = {DC3634F0-F47C-4E52-8D17-F276CDFA3193}
		{A24D704B-9A15-47FE-A14B-BB860B14AA5B} = {238BEABC-FCC9-46BE-B607-6F01A272C5A6}
		{164CB761-F466-4C76-B3F1-31537BD787E7} = {238BEABC-FCC9-46BE-B607-6F01A272C5A6}
		{59F64346-DE49-45FC-933E-8F74784DBD2D} = {238BEABC-FCC9-46BE-B607-6F01A272C5A6}
	EndGlobalSection
EndGlobal
