
Microsoft Visual Studio Solution File, Format Version 12.00
# Visual Studio 2012
Project("{FAE04EC0-301F-11D3-BF4B-00C04F79EFBC}") = "Microsoft.Dynamic", "Microsoft.Dynamic\Microsoft.Dynamic.csproj", "{B1B06754-96C5-48FE-A517-1F67CE65EADE}"
EndProject
Project("{FAE04EC0-301F-11D3-BF4B-00C04F79EFBC}") = "Microsoft.Scripting", "Microsoft.Scripting\Microsoft.Scripting.csproj", "{D4A87B34-2A94-4DA7-AE80-A3BE7E0B519A}"
EndProject
Project("{FAE04EC0-301F-11D3-BF4B-00C04F79EFBC}") = "Microsoft.Scripting.Metadata", "Microsoft.Scripting.Metadata\Microsoft.Scripting.Metadata.csproj", "{A59A9E4D-66DC-4110-B40C-D6985DE30050}"
EndProject
Project("{2150E333-8FDC-42A3-9474-1A3956D46DE8}") = "Solution Items", "Solution Items", "{1A76B95D-61C8-4810-A82B-1BB5D0A3D861}"
	ProjectSection(SolutionItems) = preProject
		License.txt = License.txt
		Read Me.txt = Read Me.txt
	EndProjectSection
EndProject
Global
	GlobalSection(TeamFoundationVersionControl) = preSolution
		SccNumberOfProjects = 4
		SccEnterpriseProvider = {4CA58AB2-18FA-4F8D-95D4-32DDF27D184C}
		SccTeamFoundationServer = https://tfs.codeplex.com/tfs/tfs08
		SccLocalPath0 = .
		SccProjectUniqueName1 = Microsoft.Dynamic\\Microsoft.Dynamic.csproj
		SccProjectName1 = Microsoft.Dynamic
		SccLocalPath1 = Microsoft.Dynamic
		SccProjectUniqueName2 = Microsoft.Scripting\\Microsoft.Scripting.csproj
		SccProjectName2 = Microsoft.Scripting
		SccLocalPath2 = Microsoft.Scripting
		SccProjectUniqueName3 = Microsoft.Scripting.Metadata\\Microsoft.Scripting.Metadata.csproj
		SccProjectName3 = Microsoft.Scripting.Metadata
		SccLocalPath3 = Microsoft.Scripting.Metadata
	EndGlobalSection
	GlobalSection(SolutionConfigurationPlatforms) = preSolution
		Debug|Any CPU = Debug|Any CPU
		Release|Any CPU = Release|Any CPU
	EndGlobalSection
	GlobalSection(ProjectConfigurationPlatforms) = postSolution
		{B1B06754-96C5-48FE-A517-1F67CE65EADE}.Debug|Any CPU.ActiveCfg = Debug|Any CPU
		{B1B06754-96C5-48FE-A517-1F67CE65EADE}.Debug|Any CPU.Build.0 = Debug|Any CPU
		{B1B06754-96C5-48FE-A517-1F67CE65EADE}.Release|Any CPU.ActiveCfg = Release|Any CPU
		{B1B06754-96C5-48FE-A517-1F67CE65EADE}.Release|Any CPU.Build.0 = Release|Any CPU
		{D4A87B34-2A94-4DA7-AE80-A3BE7E0B519A}.Debug|Any CPU.ActiveCfg = Debug|Any CPU
		{D4A87B34-2A94-4DA7-AE80-A3BE7E0B519A}.Debug|Any CPU.Build.0 = Debug|Any CPU
		{D4A87B34-2A94-4DA7-AE80-A3BE7E0B519A}.Release|Any CPU.ActiveCfg = Release|Any CPU
		{D4A87B34-2A94-4DA7-AE80-A3BE7E0B519A}.Release|Any CPU.Build.0 = Release|Any CPU
		{A59A9E4D-66DC-4110-B40C-D6985DE30050}.Debug|Any CPU.ActiveCfg = Debug|Any CPU
		{A59A9E4D-66DC-4110-B40C-D6985DE30050}.Debug|Any CPU.Build.0 = Debug|Any CPU
		{A59A9E4D-66DC-4110-B40C-D6985DE30050}.Release|Any CPU.ActiveCfg = Release|Any CPU
		{A59A9E4D-66DC-4110-B40C-D6985DE30050}.Release|Any CPU.Build.0 = Release|Any CPU
	EndGlobalSection
	GlobalSection(SolutionProperties) = preSolution
		HideSolutionNode = FALSE
	EndGlobalSection
EndGlobal
